
Microsoft Visual Studio Solution File, Format Version 12.00
# Visual Studio Version 16
VisualStudioVersion = 16.0.29806.167
MinimumVisualStudioVersion = 10.0.40219.1
Project("{FAE04EC0-301F-11D3-BF4B-00C04F79EFBC}") = "InterfaceAbstractDemo", "InterfaceAbstractDemo\InterfaceAbstractDemo.csproj", "{7084235D-2A12-4CF9-B9D4-61CAA78FB934}"
EndProject
Project("{FAE04EC0-301F-11D3-BF4B-00C04F79EFBC}") = "Business", "Business\Business.csproj", "{E34AC58E-883C-40B1-B14F-C8D9AFF08499}"
EndProject
Project("{FAE04EC0-301F-11D3-BF4B-00C04F79EFBC}") = "DataAccess", "DataAccess\DataAccess.csproj", "{119F9EB5-80DE-4DD4-87A6-1BB85DA5E61F}"
EndProject
Project("{FAE04EC0-301F-11D3-BF4B-00C04F79EFBC}") = "Entities", "Entities\Entities.csproj", "{FF30AF89-604E-4808-9DFA-337E19FBD12D}"
EndProject
Global
	GlobalSection(SolutionConfigurationPlatforms) = preSolution
		Debug|Any CPU = Debug|Any CPU
		Release|Any CPU = Release|Any CPU
	EndGlobalSection
	GlobalSection(ProjectConfigurationPlatforms) = postSolution
		{7084235D-2A12-4CF9-B9D4-61CAA78FB934}.Debug|Any CPU.ActiveCfg = Debug|Any CPU
		{7084235D-2A12-4CF9-B9D4-61CAA78FB934}.Debug|Any CPU.Build.0 = Debug|Any CPU
		{7084235D-2A12-4CF9-B9D4-61CAA78FB934}.Release|Any CPU.ActiveCfg = Release|Any CPU
		{7084235D-2A12-4CF9-B9D4-61CAA78FB934}.Release|Any CPU.Build.0 = Release|Any CPU
		{E34AC58E-883C-40B1-B14F-C8D9AFF08499}.Debug|Any CPU.ActiveCfg = Debug|Any CPU
		{E34AC58E-883C-40B1-B14F-C8D9AFF08499}.Debug|Any CPU.Build.0 = Debug|Any CPU
		{E34AC58E-883C-40B1-B14F-C8D9AFF08499}.Release|Any CPU.ActiveCfg = Release|Any CPU
		{E34AC58E-883C-40B1-B14F-C8D9AFF08499}.Release|Any CPU.Build.0 = Release|Any CPU
		{119F9EB5-80DE-4DD4-87A6-1BB85DA5E61F}.Debug|Any CPU.ActiveCfg = Debug|Any CPU
		{119F9EB5-80DE-4DD4-87A6-1BB85DA5E61F}.Debug|Any CPU.Build.0 = Debug|Any CPU
		{119F9EB5-80DE-4DD4-87A6-1BB85DA5E61F}.Release|Any CPU.ActiveCfg = Release|Any CPU
		{119F9EB5-80DE-4DD4-87A6-1BB85DA5E61F}.Release|Any CPU.Build.0 = Release|Any CPU
		{FF30AF89-604E-4808-9DFA-337E19FBD12D}.Debug|Any CPU.ActiveCfg = Debug|Any CPU
		{FF30AF89-604E-4808-9DFA-337E19FBD12D}.Debug|Any CPU.Build.0 = Debug|Any CPU
		{FF30AF89-604E-4808-9DFA-337E19FBD12D}.Release|Any CPU.ActiveCfg = Release|Any CPU
		{FF30AF89-604E-4808-9DFA-337E19FBD12D}.Release|Any CPU.Build.0 = Release|Any CPU
	EndGlobalSection
	GlobalSection(SolutionProperties) = preSolution
		HideSolutionNode = FALSE
	EndGlobalSection
	GlobalSection(ExtensibilityGlobals) = postSolution
		SolutionGuid = {1955EFB5-76B4-41BF-8C60-32221C673BC1}
	EndGlobalSection
EndGlobal
